
Microsoft Visual Studio Solution File, Format Version 12.00
# Visual Studio 15
VisualStudioVersion = 15.0.27428.1
MinimumVisualStudioVersion = 10.0.40219.1
Project("{FAE04EC0-301F-11D3-BF4B-00C04F79EFBC}") = "RainbowPoop", "RainbowPoop\RainbowPoop.csproj", "{1867520E-37E4-46A5-B965-41F1D9DE654D}"
EndProject
Project("{FAE04EC0-301F-11D3-BF4B-00C04F79EFBC}") = "RainbowPoop.Tests", "RainbowPoop.Tests\RainbowPoop.Tests.csproj", "{22776AE0-3892-462D-93AC-34F30B661854}"
EndProject
Global
	GlobalSection(SolutionConfigurationPlatforms) = preSolution
		Debug|Any CPU = Debug|Any CPU
		Release|Any CPU = Release|Any CPU
	EndGlobalSection
	GlobalSection(ProjectConfigurationPlatforms) = postSolution
		{1867520E-37E4-46A5-B965-41F1D9DE654D}.Debug|Any CPU.ActiveCfg = Debug|Any CPU
		{1867520E-37E4-46A5-B965-41F1D9DE654D}.Debug|Any CPU.Build.0 = Debug|Any CPU
		{1867520E-37E4-46A5-B965-41F1D9DE654D}.Release|Any CPU.ActiveCfg = Release|Any CPU
		{1867520E-37E4-46A5-B965-41F1D9DE654D}.Release|Any CPU.Build.0 = Release|Any CPU
		{22776AE0-3892-462D-93AC-34F30B661854}.Debug|Any CPU.ActiveCfg = Debug|Any CPU
		{22776AE0-3892-462D-93AC-34F30B661854}.Debug|Any CPU.Build.0 = Debug|Any CPU
		{22776AE0-3892-462D-93AC-34F30B661854}.Release|Any CPU.ActiveCfg = Release|Any CPU
		{22776AE0-3892-462D-93AC-34F30B661854}.Release|Any CPU.Build.0 = Release|Any CPU
	EndGlobalSection
	GlobalSection(SolutionProperties) = preSolution
		HideSolutionNode = FALSE
	EndGlobalSection
	GlobalSection(ExtensibilityGlobals) = postSolution
		SolutionGuid = {DE9BC564-5F9F-44C7-9E77-CA263BC8EA06}
	EndGlobalSection
EndGlobal
